
Microsoft Visual Studio Solution File, Format Version 12.00
# Visual Studio Version 17
VisualStudioVersion = 17.2.32526.322
MinimumVisualStudioVersion = 10.0.40219.1
Project("{FAE04EC0-301F-11D3-BF4B-00C04F79EFBC}") = "ClassLibraryExample", "ClassLibraryExample.csproj", "{C3F68F39-2CA5-4CF7-B2DB-D126A0B223D0}"
EndProject
Global
	GlobalSection(SolutionConfigurationPlatforms) = preSolution
		Debug|Any CPU = Debug|Any CPU
		Release|Any CPU = Release|Any CPU
	EndGlobalSection
	GlobalSection(ProjectConfigurationPlatforms) = postSolution
		{C3F68F39-2CA5-4CF7-B2DB-D126A0B223D0}.Debug|Any CPU.ActiveCfg = Debug|Any CPU
		{C3F68F39-2CA5-4CF7-B2DB-D126A0B223D0}.Debug|Any CPU.Build.0 = Debug|Any CPU
		{C3F68F39-2CA5-4CF7-B2DB-D126A0B223D0}.Release|Any CPU.ActiveCfg = Release|Any CPU
		{C3F68F39-2CA5-4CF7-B2DB-D126A0B223D0}.Release|Any CPU.Build.0 = Release|Any CPU
	EndGlobalSection
	GlobalSection(SolutionProperties) = preSolution
		HideSolutionNode = FALSE
	EndGlobalSection
	GlobalSection(ExtensibilityGlobals) = postSolution
		SolutionGuid = {21B802C6-DB08-439B-89A6-6290A57EA1C2}
	EndGlobalSection
EndGlobal
